// !$*UTF8*$!
{
	archiveVersion = 1;
	classes = {
	};
	objectVersion = 51;
	objects = {

/* Begin PBXBuildFile section */
		83C4918818C88DFEE7E05E0D /* Pods_AllygatorShuttle_AllygatorShuttleUITests.framework in Frameworks */ = {isa = PBXBuildFile; fileRef = 5D5245A5915502690F137A2E /* Pods_AllygatorShuttle_AllygatorShuttleUITests.framework */; };
		B307E28E2603F1930099B90A /* swiftgen.yml in Resources */ = {isa = PBXBuildFile; fileRef = B307E28D2603F1930099B90A /* swiftgen.yml */; };
		B307E2992603F1F20099B90A /* Images.xcassets in Resources */ = {isa = PBXBuildFile; fileRef = B307E2982603F1F20099B90A /* Images.xcassets */; };
		B307E2A62603F4280099B90A /* Fonts.swift in Sources */ = {isa = PBXBuildFile; fileRef = B307E2A52603F4280099B90A /* Fonts.swift */; };
		B307E2B52603F4720099B90A /* UIImage+Images.swift in Sources */ = {isa = PBXBuildFile; fileRef = B307E2B22603F4720099B90A /* UIImage+Images.swift */; };
		B307E2B62603F4720099B90A /* Assets.swift in Sources */ = {isa = PBXBuildFile; fileRef = B307E2B32603F4720099B90A /* Assets.swift */; };
		B307E2B72603F4720099B90A /* UIColor+Colors.swift in Sources */ = {isa = PBXBuildFile; fileRef = B307E2B42603F4720099B90A /* UIColor+Colors.swift */; };
		B33B5B5126090773004C45DB /* DetailView.swift in Sources */ = {isa = PBXBuildFile; fileRef = B33B5B5026090773004C45DB /* DetailView.swift */; };
		B33B5B7026093A52004C45DB /* Constants.swift in Sources */ = {isa = PBXBuildFile; fileRef = B33B5B6F26093A52004C45DB /* Constants.swift */; };
		B33B5BA126094984004C45DB /* Assets.xcassets in Resources */ = {isa = PBXBuildFile; fileRef = B33B5BA026094984004C45DB /* Assets.xcassets */; };
		B33F76612604982B00B81A39 /* HomeRouter.swift in Sources */ = {isa = PBXBuildFile; fileRef = B33F765E2604982B00B81A39 /* HomeRouter.swift */; };
		B33F76622604982B00B81A39 /* HomeViewController.swift in Sources */ = {isa = PBXBuildFile; fileRef = B33F765F2604982B00B81A39 /* HomeViewController.swift */; };
		B33F76632604982B00B81A39 /* HomeViewModel.swift in Sources */ = {isa = PBXBuildFile; fileRef = B33F76602604982B00B81A39 /* HomeViewModel.swift */; };
		B33F766B2604983A00B81A39 /* HomeRoute.swift in Sources */ = {isa = PBXBuildFile; fileRef = B33F766A2604983A00B81A39 /* HomeRoute.swift */; };
		B33F767E2604EEF700B81A39 /* UIImage+Extension.swift in Sources */ = {isa = PBXBuildFile; fileRef = B33F767D2604EEF700B81A39 /* UIImage+Extension.swift */; };
		B33F76872604F36D00B81A39 /* AnnotationType.swift in Sources */ = {isa = PBXBuildFile; fileRef = B33F76862604F36D00B81A39 /* AnnotationType.swift */; };
		B33F76A026051F7200B81A39 /* UIView+Extension.swift in Sources */ = {isa = PBXBuildFile; fileRef = B33F769F26051F7200B81A39 /* UIView+Extension.swift */; };
		B33F76A826053E8100B81A39 /* MKMapView+Extension.swift in Sources */ = {isa = PBXBuildFile; fileRef = B33F76A726053E8100B81A39 /* MKMapView+Extension.swift */; };
		B33F76B526054A4D00B81A39 /* BaseAnnotation.swift in Sources */ = {isa = PBXBuildFile; fileRef = B33F76B426054A4D00B81A39 /* BaseAnnotation.swift */; };
		B33F76C026054AC600B81A39 /* PopupViewRouter.swift in Sources */ = {isa = PBXBuildFile; fileRef = B33F76BD26054AC600B81A39 /* PopupViewRouter.swift */; };
		B33F76C126054AC600B81A39 /* PopupViewController.swift in Sources */ = {isa = PBXBuildFile; fileRef = B33F76BE26054AC600B81A39 /* PopupViewController.swift */; };
		B33F76C226054AC600B81A39 /* PopupViewModel.swift in Sources */ = {isa = PBXBuildFile; fileRef = B33F76BF26054AC600B81A39 /* PopupViewModel.swift */; };
		B33F76CA26054AD600B81A39 /* PopupViewRoute.swift in Sources */ = {isa = PBXBuildFile; fileRef = B33F76C926054AD600B81A39 /* PopupViewRoute.swift */; };
		B33F76CF26054C6000B81A39 /* UIStackView+Extension.swift in Sources */ = {isa = PBXBuildFile; fileRef = B33F76CE26054C6000B81A39 /* UIStackView+Extension.swift */; };
		B33F76D426054DCB00B81A39 /* ModalTransition.swift in Sources */ = {isa = PBXBuildFile; fileRef = B33F76D326054DCB00B81A39 /* ModalTransition.swift */; };
		B33F76D92605540F00B81A39 /* UIApplication+Extension.swift in Sources */ = {isa = PBXBuildFile; fileRef = B33F76D82605540F00B81A39 /* UIApplication+Extension.swift */; };
		B33F76DE2605E5C100B81A39 /* MavenPro-Medium.ttf in Resources */ = {isa = PBXBuildFile; fileRef = B33F76DD2605E5C100B81A39 /* MavenPro-Medium.ttf */; };
		B33F76F22605EB4E00B81A39 /* LoadingHelper.swift in Sources */ = {isa = PBXBuildFile; fileRef = B33F76F12605EB4E00B81A39 /* LoadingHelper.swift */; };
		B33F770E2605ED9B00B81A39 /* Loading.json in Resources */ = {isa = PBXBuildFile; fileRef = B33F770D2605ED9B00B81A39 /* Loading.json */; };
		B33F775226067ED200B81A39 /* HomeTest.swift in Sources */ = {isa = PBXBuildFile; fileRef = B33F775126067ED200B81A39 /* HomeTest.swift */; };
		B33F775A2606A0BB00B81A39 /* UIStackViewExtensionTest.swift in Sources */ = {isa = PBXBuildFile; fileRef = B33F77592606A0BB00B81A39 /* UIStackViewExtensionTest.swift */; };
		B33F77762606A41500B81A39 /* MKMapViewExtensionTest.swift in Sources */ = {isa = PBXBuildFile; fileRef = B33F77752606A41500B81A39 /* MKMapViewExtensionTest.swift */; };
		B33F777E2606A4D900B81A39 /* UIViewExtensionTest.swift in Sources */ = {isa = PBXBuildFile; fileRef = B33F777D2606A4D900B81A39 /* UIViewExtensionTest.swift */; };
		B33F7793260748CC00B81A39 /* XCUIApplication+Extension.swift in Sources */ = {isa = PBXBuildFile; fileRef = B33F7792260748CC00B81A39 /* XCUIApplication+Extension.swift */; };
		B33F779B260748F300B81A39 /* SplashUITest.swift in Sources */ = {isa = PBXBuildFile; fileRef = B33F779A260748F300B81A39 /* SplashUITest.swift */; };
		B33F77A02607725E00B81A39 /* HomeUITest.swift in Sources */ = {isa = PBXBuildFile; fileRef = B33F779F2607725E00B81A39 /* HomeUITest.swift */; };
		B34898532607DB8C0014B4E3 /* Double+Extension.swift in Sources */ = {isa = PBXBuildFile; fileRef = B34898522607DB8C0014B4E3 /* Double+Extension.swift */; };
		B34898582607E04B0014B4E3 /* BaseAnnotationView.swift in Sources */ = {isa = PBXBuildFile; fileRef = B34898572607E04B0014B4E3 /* BaseAnnotationView.swift */; };
		B35CBDD72603AE9C0071DE9C /* AppDelegate.swift in Sources */ = {isa = PBXBuildFile; fileRef = B35CBDD62603AE9C0071DE9C /* AppDelegate.swift */; };
		B35CBDE32603AE9E0071DE9C /* LaunchScreen.storyboard in Resources */ = {isa = PBXBuildFile; fileRef = B35CBDE12603AE9E0071DE9C /* LaunchScreen.storyboard */; };
		B35CBE712603B09B0071DE9C /* SplashRouter.swift in Sources */ = {isa = PBXBuildFile; fileRef = B35CBE6E2603B09B0071DE9C /* SplashRouter.swift */; };
		B35CBE722603B09B0071DE9C /* SplashViewController.swift in Sources */ = {isa = PBXBuildFile; fileRef = B35CBE6F2603B09B0071DE9C /* SplashViewController.swift */; };
		B35CBE732603B09B0071DE9C /* SplashViewModel.swift in Sources */ = {isa = PBXBuildFile; fileRef = B35CBE702603B09B0071DE9C /* SplashViewModel.swift */; };
		B35CBE7B2603B0A90071DE9C /* SplashRoute.swift in Sources */ = {isa = PBXBuildFile; fileRef = B35CBE7A2603B0A90071DE9C /* SplashRoute.swift */; };
		B35CBE8E2603B1200071DE9C /* BaseViewController.swift in Sources */ = {isa = PBXBuildFile; fileRef = B35CBE8D2603B1200071DE9C /* BaseViewController.swift */; };
		B35CBE982603B15D0071DE9C /* BaseViewModel.swift in Sources */ = {isa = PBXBuildFile; fileRef = B35CBE972603B15D0071DE9C /* BaseViewModel.swift */; };
		B35CBE9D2603B1740071DE9C /* Closures.swift in Sources */ = {isa = PBXBuildFile; fileRef = B35CBE9C2603B1740071DE9C /* Closures.swift */; };
		B35CBEA32603B1AE0071DE9C /* AppRouter.swift in Sources */ = {isa = PBXBuildFile; fileRef = B35CBEA22603B1AE0071DE9C /* AppRouter.swift */; };
		B35CBEAC2603B1C70071DE9C /* Router.swift in Sources */ = {isa = PBXBuildFile; fileRef = B35CBEAB2603B1C70071DE9C /* Router.swift */; };
		B35CBEB42603B1E30071DE9C /* Animator.swift in Sources */ = {isa = PBXBuildFile; fileRef = B35CBEB32603B1E30071DE9C /* Animator.swift */; };
		B35CBEBA2603B2000071DE9C /* Transition.swift in Sources */ = {isa = PBXBuildFile; fileRef = B35CBEB92603B2000071DE9C /* Transition.swift */; };
		B35CBEC22603B2160071DE9C /* PushTransition.swift in Sources */ = {isa = PBXBuildFile; fileRef = B35CBEC12603B2160071DE9C /* PushTransition.swift */; };
		B35CBEC72603B2270071DE9C /* PlaceOnWindowTransition.swift in Sources */ = {isa = PBXBuildFile; fileRef = B35CBEC62603B2270071DE9C /* PlaceOnWindowTransition.swift */; };
		B35CBEF12603C8C20071DE9C /* SocketManager.swift in Sources */ = {isa = PBXBuildFile; fileRef = B35CBEF02603C8C20071DE9C /* SocketManager.swift */; };
		B35CBF0E2603CD5A0071DE9C /* Event.swift in Sources */ = {isa = PBXBuildFile; fileRef = B35CBF0D2603CD5A0071DE9C /* Event.swift */; };
		B35CBF162603CDFF0071DE9C /* Status.swift in Sources */ = {isa = PBXBuildFile; fileRef = B35CBF152603CDFF0071DE9C /* Status.swift */; };
		B35CBF1C2603CE8F0071DE9C /* Address.swift in Sources */ = {isa = PBXBuildFile; fileRef = B35CBF1B2603CE8F0071DE9C /* Address.swift */; };
		B35CBF252603CEF90071DE9C /* BookingOpenedData.swift in Sources */ = {isa = PBXBuildFile; fileRef = B35CBF242603CEF90071DE9C /* BookingOpenedData.swift */; };
		B35CBF422603D1120071DE9C /* SocketData.swift in Sources */ = {isa = PBXBuildFile; fileRef = B35CBF412603D1120071DE9C /* SocketData.swift */; };
		B35CBF472603D2300071DE9C /* Socket.swift in Sources */ = {isa = PBXBuildFile; fileRef = B35CBF462603D2300071DE9C /* Socket.swift */; };
		B35CBF622603E4CA0071DE9C /* .swiftlint.yml in Resources */ = {isa = PBXBuildFile; fileRef = B35CBF612603E4CA0071DE9C /* .swiftlint.yml */; };
		B35CBF912603E74C0071DE9C /* Colors.xcassets in Resources */ = {isa = PBXBuildFile; fileRef = B35CBF902603E74C0071DE9C /* Colors.xcassets */; };
		B35CBF962603E7750071DE9C /* UIFont+Extensions.swift in Sources */ = {isa = PBXBuildFile; fileRef = B35CBF952603E7750071DE9C /* UIFont+Extensions.swift */; };
		CC8AFD9940C1A950F2009602 /* Pods_AllygatorShuttle.framework in Frameworks */ = {isa = PBXBuildFile; fileRef = B49BAD2D213E44F2E9F7F0CF /* Pods_AllygatorShuttle.framework */; };
		E4BCEEE408C1D4C7B6428B2D /* Pods_AllygatorShuttleTests.framework in Frameworks */ = {isa = PBXBuildFile; fileRef = 89BE92081D46CD8D56C56BB8 /* Pods_AllygatorShuttleTests.framework */; };
/* End PBXBuildFile section */

/* Begin PBXContainerItemProxy section */
		B35CBDEA2603AE9E0071DE9C /* PBXContainerItemProxy */ = {
			isa = PBXContainerItemProxy;
			containerPortal = B35CBDCB2603AE9C0071DE9C /* Project object */;
			proxyType = 1;
			remoteGlobalIDString = B35CBDD22603AE9C0071DE9C;
			remoteInfo = AllygatorShuttle;
		};
		B35CBDF52603AE9E0071DE9C /* PBXContainerItemProxy */ = {
			isa = PBXContainerItemProxy;
			containerPortal = B35CBDCB2603AE9C0071DE9C /* Project object */;
			proxyType = 1;
			remoteGlobalIDString = B35CBDD22603AE9C0071DE9C;
			remoteInfo = AllygatorShuttle;
		};
/* End PBXContainerItemProxy section */

/* Begin PBXFileReference section */
		0ABDA006341118343B19119E /* Pods-AllygatorShuttle-AllygatorShuttleUITests.release.xcconfig */ = {isa = PBXFileReference; includeInIndex = 1; lastKnownFileType = text.xcconfig; name = "Pods-AllygatorShuttle-AllygatorShuttleUITests.release.xcconfig"; path = "Target Support Files/Pods-AllygatorShuttle-AllygatorShuttleUITests/Pods-AllygatorShuttle-AllygatorShuttleUITests.release.xcconfig"; sourceTree = "<group>"; };
		10FF084E266E70E4BA117487 /* Pods-AllygatorShuttle.debug.xcconfig */ = {isa = PBXFileReference; includeInIndex = 1; lastKnownFileType = text.xcconfig; name = "Pods-AllygatorShuttle.debug.xcconfig"; path = "Target Support Files/Pods-AllygatorShuttle/Pods-AllygatorShuttle.debug.xcconfig"; sourceTree = "<group>"; };
		5D5245A5915502690F137A2E /* Pods_AllygatorShuttle_AllygatorShuttleUITests.framework */ = {isa = PBXFileReference; explicitFileType = wrapper.framework; includeInIndex = 0; path = Pods_AllygatorShuttle_AllygatorShuttleUITests.framework; sourceTree = BUILT_PRODUCTS_DIR; };
		6641C007A4880AB51CEBA927 /* Pods-AllygatorShuttleTests.release.xcconfig */ = {isa = PBXFileReference; includeInIndex = 1; lastKnownFileType = text.xcconfig; name = "Pods-AllygatorShuttleTests.release.xcconfig"; path = "Target Support Files/Pods-AllygatorShuttleTests/Pods-AllygatorShuttleTests.release.xcconfig"; sourceTree = "<group>"; };
		7C43F954FFBB4DEFBE79B895 /* Pods-AllygatorShuttleTests.debug.xcconfig */ = {isa = PBXFileReference; includeInIndex = 1; lastKnownFileType = text.xcconfig; name = "Pods-AllygatorShuttleTests.debug.xcconfig"; path = "Target Support Files/Pods-AllygatorShuttleTests/Pods-AllygatorShuttleTests.debug.xcconfig"; sourceTree = "<group>"; };
		89BE92081D46CD8D56C56BB8 /* Pods_AllygatorShuttleTests.framework */ = {isa = PBXFileReference; explicitFileType = wrapper.framework; includeInIndex = 0; path = Pods_AllygatorShuttleTests.framework; sourceTree = BUILT_PRODUCTS_DIR; };
		B307E28D2603F1930099B90A /* swiftgen.yml */ = {isa = PBXFileReference; lastKnownFileType = text.yaml; path = swiftgen.yml; sourceTree = "<group>"; };
		B307E2982603F1F20099B90A /* Images.xcassets */ = {isa = PBXFileReference; lastKnownFileType = folder.assetcatalog; path = Images.xcassets; sourceTree = "<group>"; };
		B307E2A52603F4280099B90A /* Fonts.swift */ = {isa = PBXFileReference; fileEncoding = 4; lastKnownFileType = sourcecode.swift; path = Fonts.swift; sourceTree = "<group>"; };
		B307E2B22603F4720099B90A /* UIImage+Images.swift */ = {isa = PBXFileReference; fileEncoding = 4; lastKnownFileType = sourcecode.swift; path = "UIImage+Images.swift"; sourceTree = "<group>"; };
		B307E2B32603F4720099B90A /* Assets.swift */ = {isa = PBXFileReference; fileEncoding = 4; lastKnownFileType = sourcecode.swift; path = Assets.swift; sourceTree = "<group>"; };
		B307E2B42603F4720099B90A /* UIColor+Colors.swift */ = {isa = PBXFileReference; fileEncoding = 4; lastKnownFileType = sourcecode.swift; path = "UIColor+Colors.swift"; sourceTree = "<group>"; };
		B33B5B5026090773004C45DB /* DetailView.swift */ = {isa = PBXFileReference; lastKnownFileType = sourcecode.swift; path = DetailView.swift; sourceTree = "<group>"; };
		B33B5B6F26093A52004C45DB /* Constants.swift */ = {isa = PBXFileReference; lastKnownFileType = sourcecode.swift; path = Constants.swift; sourceTree = "<group>"; };
		B33B5BA026094984004C45DB /* Assets.xcassets */ = {isa = PBXFileReference; lastKnownFileType = folder.assetcatalog; path = Assets.xcassets; sourceTree = "<group>"; };
		B33F765E2604982B00B81A39 /* HomeRouter.swift */ = {isa = PBXFileReference; lastKnownFileType = sourcecode.swift; path = HomeRouter.swift; sourceTree = "<group>"; };
		B33F765F2604982B00B81A39 /* HomeViewController.swift */ = {isa = PBXFileReference; lastKnownFileType = sourcecode.swift; path = HomeViewController.swift; sourceTree = "<group>"; };
		B33F76602604982B00B81A39 /* HomeViewModel.swift */ = {isa = PBXFileReference; lastKnownFileType = sourcecode.swift; path = HomeViewModel.swift; sourceTree = "<group>"; };
		B33F766A2604983A00B81A39 /* HomeRoute.swift */ = {isa = PBXFileReference; lastKnownFileType = sourcecode.swift; path = HomeRoute.swift; sourceTree = "<group>"; };
		B33F767D2604EEF700B81A39 /* UIImage+Extension.swift */ = {isa = PBXFileReference; lastKnownFileType = sourcecode.swift; path = "UIImage+Extension.swift"; sourceTree = "<group>"; };
		B33F76862604F36D00B81A39 /* AnnotationType.swift */ = {isa = PBXFileReference; lastKnownFileType = sourcecode.swift; path = AnnotationType.swift; sourceTree = "<group>"; };
		B33F769F26051F7200B81A39 /* UIView+Extension.swift */ = {isa = PBXFileReference; lastKnownFileType = sourcecode.swift; path = "UIView+Extension.swift"; sourceTree = "<group>"; };
		B33F76A726053E8100B81A39 /* MKMapView+Extension.swift */ = {isa = PBXFileReference; lastKnownFileType = sourcecode.swift; path = "MKMapView+Extension.swift"; sourceTree = "<group>"; };
		B33F76B426054A4D00B81A39 /* BaseAnnotation.swift */ = {isa = PBXFileReference; lastKnownFileType = sourcecode.swift; path = BaseAnnotation.swift; sourceTree = "<group>"; };
		B33F76BD26054AC600B81A39 /* PopupViewRouter.swift */ = {isa = PBXFileReference; lastKnownFileType = sourcecode.swift; path = PopupViewRouter.swift; sourceTree = "<group>"; };
		B33F76BE26054AC600B81A39 /* PopupViewController.swift */ = {isa = PBXFileReference; lastKnownFileType = sourcecode.swift; path = PopupViewController.swift; sourceTree = "<group>"; };
		B33F76BF26054AC600B81A39 /* PopupViewModel.swift */ = {isa = PBXFileReference; lastKnownFileType = sourcecode.swift; path = PopupViewModel.swift; sourceTree = "<group>"; };
		B33F76C926054AD600B81A39 /* PopupViewRoute.swift */ = {isa = PBXFileReference; lastKnownFileType = sourcecode.swift; path = PopupViewRoute.swift; sourceTree = "<group>"; };
		B33F76CE26054C6000B81A39 /* UIStackView+Extension.swift */ = {isa = PBXFileReference; lastKnownFileType = sourcecode.swift; path = "UIStackView+Extension.swift"; sourceTree = "<group>"; };
		B33F76D326054DCB00B81A39 /* ModalTransition.swift */ = {isa = PBXFileReference; lastKnownFileType = sourcecode.swift; path = ModalTransition.swift; sourceTree = "<group>"; };
		B33F76D82605540F00B81A39 /* UIApplication+Extension.swift */ = {isa = PBXFileReference; lastKnownFileType = sourcecode.swift; path = "UIApplication+Extension.swift"; sourceTree = "<group>"; };
		B33F76DD2605E5C100B81A39 /* MavenPro-Medium.ttf */ = {isa = PBXFileReference; lastKnownFileType = file; path = "MavenPro-Medium.ttf"; sourceTree = "<group>"; };
		B33F76F12605EB4E00B81A39 /* LoadingHelper.swift */ = {isa = PBXFileReference; lastKnownFileType = sourcecode.swift; path = LoadingHelper.swift; sourceTree = "<group>"; };
		B33F770D2605ED9B00B81A39 /* Loading.json */ = {isa = PBXFileReference; fileEncoding = 4; lastKnownFileType = text.json; path = Loading.json; sourceTree = "<group>"; };
		B33F775126067ED200B81A39 /* HomeTest.swift */ = {isa = PBXFileReference; lastKnownFileType = sourcecode.swift; path = HomeTest.swift; sourceTree = "<group>"; };
		B33F77592606A0BB00B81A39 /* UIStackViewExtensionTest.swift */ = {isa = PBXFileReference; lastKnownFileType = sourcecode.swift; path = UIStackViewExtensionTest.swift; sourceTree = "<group>"; };
		B33F77752606A41500B81A39 /* MKMapViewExtensionTest.swift */ = {isa = PBXFileReference; lastKnownFileType = sourcecode.swift; path = MKMapViewExtensionTest.swift; sourceTree = "<group>"; };
		B33F777D2606A4D900B81A39 /* UIViewExtensionTest.swift */ = {isa = PBXFileReference; lastKnownFileType = sourcecode.swift; path = UIViewExtensionTest.swift; sourceTree = "<group>"; };
		B33F7792260748CC00B81A39 /* XCUIApplication+Extension.swift */ = {isa = PBXFileReference; lastKnownFileType = sourcecode.swift; path = "XCUIApplication+Extension.swift"; sourceTree = "<group>"; };
		B33F779A260748F300B81A39 /* SplashUITest.swift */ = {isa = PBXFileReference; lastKnownFileType = sourcecode.swift; path = SplashUITest.swift; sourceTree = "<group>"; };
		B33F779F2607725E00B81A39 /* HomeUITest.swift */ = {isa = PBXFileReference; lastKnownFileType = sourcecode.swift; path = HomeUITest.swift; sourceTree = "<group>"; };
		B34898522607DB8C0014B4E3 /* Double+Extension.swift */ = {isa = PBXFileReference; lastKnownFileType = sourcecode.swift; path = "Double+Extension.swift"; sourceTree = "<group>"; };
		B34898572607E04B0014B4E3 /* BaseAnnotationView.swift */ = {isa = PBXFileReference; lastKnownFileType = sourcecode.swift; path = BaseAnnotationView.swift; sourceTree = "<group>"; };
		B35CBDD32603AE9C0071DE9C /* AllygatorShuttle.app */ = {isa = PBXFileReference; explicitFileType = wrapper.application; includeInIndex = 0; path = AllygatorShuttle.app; sourceTree = BUILT_PRODUCTS_DIR; };
		B35CBDD62603AE9C0071DE9C /* AppDelegate.swift */ = {isa = PBXFileReference; lastKnownFileType = sourcecode.swift; path = AppDelegate.swift; sourceTree = "<group>"; };
		B35CBDE22603AE9E0071DE9C /* Base */ = {isa = PBXFileReference; lastKnownFileType = file.storyboard; name = Base; path = Base.lproj/LaunchScreen.storyboard; sourceTree = "<group>"; };
		B35CBDE42603AE9E0071DE9C /* Info.plist */ = {isa = PBXFileReference; lastKnownFileType = text.plist.xml; path = Info.plist; sourceTree = "<group>"; };
		B35CBDE92603AE9E0071DE9C /* AllygatorShuttleTests.xctest */ = {isa = PBXFileReference; explicitFileType = wrapper.cfbundle; includeInIndex = 0; path = AllygatorShuttleTests.xctest; sourceTree = BUILT_PRODUCTS_DIR; };
		B35CBDEF2603AE9E0071DE9C /* Info.plist */ = {isa = PBXFileReference; lastKnownFileType = text.plist.xml; path = Info.plist; sourceTree = "<group>"; };
		B35CBDF42603AE9E0071DE9C /* AllygatorShuttleUITests.xctest */ = {isa = PBXFileReference; explicitFileType = wrapper.cfbundle; includeInIndex = 0; path = AllygatorShuttleUITests.xctest; sourceTree = BUILT_PRODUCTS_DIR; };
		B35CBDFA2603AE9E0071DE9C /* Info.plist */ = {isa = PBXFileReference; lastKnownFileType = text.plist.xml; path = Info.plist; sourceTree = "<group>"; };
		B35CBE6E2603B09B0071DE9C /* SplashRouter.swift */ = {isa = PBXFileReference; lastKnownFileType = sourcecode.swift; path = SplashRouter.swift; sourceTree = "<group>"; };
		B35CBE6F2603B09B0071DE9C /* SplashViewController.swift */ = {isa = PBXFileReference; lastKnownFileType = sourcecode.swift; path = SplashViewController.swift; sourceTree = "<group>"; };
		B35CBE702603B09B0071DE9C /* SplashViewModel.swift */ = {isa = PBXFileReference; lastKnownFileType = sourcecode.swift; path = SplashViewModel.swift; sourceTree = "<group>"; };
		B35CBE7A2603B0A90071DE9C /* SplashRoute.swift */ = {isa = PBXFileReference; lastKnownFileType = sourcecode.swift; path = SplashRoute.swift; sourceTree = "<group>"; };
		B35CBE8D2603B1200071DE9C /* BaseViewController.swift */ = {isa = PBXFileReference; lastKnownFileType = sourcecode.swift; path = BaseViewController.swift; sourceTree = "<group>"; };
		B35CBE972603B15D0071DE9C /* BaseViewModel.swift */ = {isa = PBXFileReference; lastKnownFileType = sourcecode.swift; path = BaseViewModel.swift; sourceTree = "<group>"; };
		B35CBE9C2603B1740071DE9C /* Closures.swift */ = {isa = PBXFileReference; lastKnownFileType = sourcecode.swift; path = Closures.swift; sourceTree = "<group>"; };
		B35CBEA22603B1AE0071DE9C /* AppRouter.swift */ = {isa = PBXFileReference; lastKnownFileType = sourcecode.swift; path = AppRouter.swift; sourceTree = "<group>"; };
		B35CBEAB2603B1C70071DE9C /* Router.swift */ = {isa = PBXFileReference; lastKnownFileType = sourcecode.swift; path = Router.swift; sourceTree = "<group>"; };
		B35CBEB32603B1E30071DE9C /* Animator.swift */ = {isa = PBXFileReference; lastKnownFileType = sourcecode.swift; path = Animator.swift; sourceTree = "<group>"; };
		B35CBEB92603B2000071DE9C /* Transition.swift */ = {isa = PBXFileReference; lastKnownFileType = sourcecode.swift; path = Transition.swift; sourceTree = "<group>"; };
		B35CBEC12603B2160071DE9C /* PushTransition.swift */ = {isa = PBXFileReference; lastKnownFileType = sourcecode.swift; path = PushTransition.swift; sourceTree = "<group>"; };
		B35CBEC62603B2270071DE9C /* PlaceOnWindowTransition.swift */ = {isa = PBXFileReference; lastKnownFileType = sourcecode.swift; path = PlaceOnWindowTransition.swift; sourceTree = "<group>"; };
		B35CBEF02603C8C20071DE9C /* SocketManager.swift */ = {isa = PBXFileReference; lastKnownFileType = sourcecode.swift; path = SocketManager.swift; sourceTree = "<group>"; };
		B35CBF0D2603CD5A0071DE9C /* Event.swift */ = {isa = PBXFileReference; lastKnownFileType = sourcecode.swift; path = Event.swift; sourceTree = "<group>"; };
		B35CBF152603CDFF0071DE9C /* Status.swift */ = {isa = PBXFileReference; lastKnownFileType = sourcecode.swift; path = Status.swift; sourceTree = "<group>"; };
		B35CBF1B2603CE8F0071DE9C /* Address.swift */ = {isa = PBXFileReference; lastKnownFileType = sourcecode.swift; path = Address.swift; sourceTree = "<group>"; };
		B35CBF242603CEF90071DE9C /* BookingOpenedData.swift */ = {isa = PBXFileReference; lastKnownFileType = sourcecode.swift; path = BookingOpenedData.swift; sourceTree = "<group>"; };
		B35CBF412603D1120071DE9C /* SocketData.swift */ = {isa = PBXFileReference; lastKnownFileType = sourcecode.swift; path = SocketData.swift; sourceTree = "<group>"; };
		B35CBF462603D2300071DE9C /* Socket.swift */ = {isa = PBXFileReference; lastKnownFileType = sourcecode.swift; path = Socket.swift; sourceTree = "<group>"; };
		B35CBF612603E4CA0071DE9C /* .swiftlint.yml */ = {isa = PBXFileReference; lastKnownFileType = text.yaml; path = .swiftlint.yml; sourceTree = "<group>"; };
		B35CBF902603E74C0071DE9C /* Colors.xcassets */ = {isa = PBXFileReference; lastKnownFileType = folder.assetcatalog; path = Colors.xcassets; sourceTree = "<group>"; };
		B35CBF952603E7750071DE9C /* UIFont+Extensions.swift */ = {isa = PBXFileReference; lastKnownFileType = sourcecode.swift; path = "UIFont+Extensions.swift"; sourceTree = "<group>"; };
		B45CD34935E0EC602D6FB42C /* Pods-AllygatorShuttle.release.xcconfig */ = {isa = PBXFileReference; includeInIndex = 1; lastKnownFileType = text.xcconfig; name = "Pods-AllygatorShuttle.release.xcconfig"; path = "Target Support Files/Pods-AllygatorShuttle/Pods-AllygatorShuttle.release.xcconfig"; sourceTree = "<group>"; };
		B49BAD2D213E44F2E9F7F0CF /* Pods_AllygatorShuttle.framework */ = {isa = PBXFileReference; explicitFileType = wrapper.framework; includeInIndex = 0; path = Pods_AllygatorShuttle.framework; sourceTree = BUILT_PRODUCTS_DIR; };
		D8642934FBFB64E047C4D81C /* Pods-AllygatorShuttle-AllygatorShuttleUITests.debug.xcconfig */ = {isa = PBXFileReference; includeInIndex = 1; lastKnownFileType = text.xcconfig; name = "Pods-AllygatorShuttle-AllygatorShuttleUITests.debug.xcconfig"; path = "Target Support Files/Pods-AllygatorShuttle-AllygatorShuttleUITests/Pods-AllygatorShuttle-AllygatorShuttleUITests.debug.xcconfig"; sourceTree = "<group>"; };
/* End PBXFileReference section */

/* Begin PBXFrameworksBuildPhase section */
		B35CBDD02603AE9C0071DE9C /* Frameworks */ = {
			isa = PBXFrameworksBuildPhase;
			buildActionMask = 2147483647;
			files = (
				CC8AFD9940C1A950F2009602 /* Pods_AllygatorShuttle.framework in Frameworks */,
			);
			runOnlyForDeploymentPostprocessing = 0;
		};
		B35CBDE62603AE9E0071DE9C /* Frameworks */ = {
			isa = PBXFrameworksBuildPhase;
			buildActionMask = 2147483647;
			files = (
				E4BCEEE408C1D4C7B6428B2D /* Pods_AllygatorShuttleTests.framework in Frameworks */,
			);
			runOnlyForDeploymentPostprocessing = 0;
		};
		B35CBDF12603AE9E0071DE9C /* Frameworks */ = {
			isa = PBXFrameworksBuildPhase;
			buildActionMask = 2147483647;
			files = (
				83C4918818C88DFEE7E05E0D /* Pods_AllygatorShuttle_AllygatorShuttleUITests.framework in Frameworks */,
			);
			runOnlyForDeploymentPostprocessing = 0;
		};
/* End PBXFrameworksBuildPhase section */

/* Begin PBXGroup section */
		73CFE310ACF0821741BA9757 /* Frameworks */ = {
			isa = PBXGroup;
			children = (
				B49BAD2D213E44F2E9F7F0CF /* Pods_AllygatorShuttle.framework */,
				5D5245A5915502690F137A2E /* Pods_AllygatorShuttle_AllygatorShuttleUITests.framework */,
				89BE92081D46CD8D56C56BB8 /* Pods_AllygatorShuttleTests.framework */,
			);
			name = Frameworks;
			sourceTree = "<group>";
		};
		83A6126467A27B2F1BC5D69B /* Pods */ = {
			isa = PBXGroup;
			children = (
				10FF084E266E70E4BA117487 /* Pods-AllygatorShuttle.debug.xcconfig */,
				B45CD34935E0EC602D6FB42C /* Pods-AllygatorShuttle.release.xcconfig */,
				D8642934FBFB64E047C4D81C /* Pods-AllygatorShuttle-AllygatorShuttleUITests.debug.xcconfig */,
				0ABDA006341118343B19119E /* Pods-AllygatorShuttle-AllygatorShuttleUITests.release.xcconfig */,
				7C43F954FFBB4DEFBE79B895 /* Pods-AllygatorShuttleTests.debug.xcconfig */,
				6641C007A4880AB51CEBA927 /* Pods-AllygatorShuttleTests.release.xcconfig */,
			);
			path = Pods;
			sourceTree = "<group>";
		};
		B33B5BC126095D64004C45DB /* App */ = {
			isa = PBXGroup;
			children = (
				B35CBE1B2603AF870071DE9C /* AppDelegate */,
				B35CBE5A2603AFE70071DE9C /* Configuration */,
			);
			path = App;
			sourceTree = "<group>";
		};
		B33F765D2604981800B81A39 /* Home */ = {
			isa = PBXGroup;
			children = (
				B33F765E2604982B00B81A39 /* HomeRouter.swift */,
				B33F765F2604982B00B81A39 /* HomeViewController.swift */,
				B33F76602604982B00B81A39 /* HomeViewModel.swift */,
				B33F766A2604983A00B81A39 /* HomeRoute.swift */,
			);
			path = Home;
			sourceTree = "<group>";
		};
		B33F767B2604EECA00B81A39 /* Extension */ = {
			isa = PBXGroup;
			children = (
				B33F767D2604EEF700B81A39 /* UIImage+Extension.swift */,
				B33F769F26051F7200B81A39 /* UIView+Extension.swift */,
				B33F76A726053E8100B81A39 /* MKMapView+Extension.swift */,
				B33F76CE26054C6000B81A39 /* UIStackView+Extension.swift */,
				B33F76D82605540F00B81A39 /* UIApplication+Extension.swift */,
				B34898522607DB8C0014B4E3 /* Double+Extension.swift */,
			);
			path = Extension;
			sourceTree = "<group>";
		};
		B33F769E26051E4600B81A39 /* CustomComponents */ = {
			isa = PBXGroup;
			children = (
				B33F76BC26054A8500B81A39 /* PopupView */,
				B33F76B426054A4D00B81A39 /* BaseAnnotation.swift */,
				B34898572607E04B0014B4E3 /* BaseAnnotationView.swift */,
				B33B5B5026090773004C45DB /* DetailView.swift */,
			);
			path = CustomComponents;
			sourceTree = "<group>";
		};
		B33F76BC26054A8500B81A39 /* PopupView */ = {
			isa = PBXGroup;
			children = (
				B33F76BD26054AC600B81A39 /* PopupViewRouter.swift */,
				B33F76BE26054AC600B81A39 /* PopupViewController.swift */,
				B33F76BF26054AC600B81A39 /* PopupViewModel.swift */,
				B33F76C926054AD600B81A39 /* PopupViewRoute.swift */,
			);
			path = PopupView;
			sourceTree = "<group>";
		};
		B33F76F02605EB3D00B81A39 /* Helper */ = {
			isa = PBXGroup;
			children = (
				B33F76F12605EB4E00B81A39 /* LoadingHelper.swift */,
			);
			path = Helper;
			sourceTree = "<group>";
		};
		B33F77042605ECA600B81A39 /* LottieFile */ = {
			isa = PBXGroup;
			children = (
				B33F770D2605ED9B00B81A39 /* Loading.json */,
			);
			path = LottieFile;
			sourceTree = "<group>";
		};
		B342693F260A5141002168AB /* ExtensionTest */ = {
			isa = PBXGroup;
			children = (
				B33F77752606A41500B81A39 /* MKMapViewExtensionTest.swift */,
				B33F77592606A0BB00B81A39 /* UIStackViewExtensionTest.swift */,
				B33F777D2606A4D900B81A39 /* UIViewExtensionTest.swift */,
			);
			path = ExtensionTest;
			sourceTree = "<group>";
		};
		B35CBDCA2603AE9C0071DE9C = {
			isa = PBXGroup;
			children = (
				B307E28D2603F1930099B90A /* swiftgen.yml */,
				B35CBF612603E4CA0071DE9C /* .swiftlint.yml */,
				B35CBDD52603AE9C0071DE9C /* AllygatorShuttle */,
				B35CBDEC2603AE9E0071DE9C /* AllygatorShuttleTests */,
				B35CBDF72603AE9E0071DE9C /* AllygatorShuttleUITests */,
				B35CBDD42603AE9C0071DE9C /* Products */,
				83A6126467A27B2F1BC5D69B /* Pods */,
				73CFE310ACF0821741BA9757 /* Frameworks */,
			);
			sourceTree = "<group>";
		};
		B35CBDD42603AE9C0071DE9C /* Products */ = {
			isa = PBXGroup;
			children = (
				B35CBDD32603AE9C0071DE9C /* AllygatorShuttle.app */,
				B35CBDE92603AE9E0071DE9C /* AllygatorShuttleTests.xctest */,
				B35CBDF42603AE9E0071DE9C /* AllygatorShuttleUITests.xctest */,
			);
			name = Products;
			sourceTree = "<group>";
		};
		B35CBDD52603AE9C0071DE9C /* AllygatorShuttle */ = {
			isa = PBXGroup;
			children = (
				B33B5BC126095D64004C45DB /* App */,
				B35CBE6D2603B07A0071DE9C /* Constants */,
				B33F769E26051E4600B81A39 /* CustomComponents */,
				B35CBEF82603CA280071DE9C /* Entity */,
				B33F767B2604EECA00B81A39 /* Extension */,
				B33F76F02605EB3D00B81A39 /* Helper */,
				B35CBE1C2603AFAA0071DE9C /* Resources */,
				B35CBEA12603B1A10071DE9C /* Router */,
				B35CBE1A2603AF7F0071DE9C /* Scenes */,
				B35CBEEF2603C8970071DE9C /* WebSocket */,
			);
			path = AllygatorShuttle;
			sourceTree = "<group>";
		};
		B35CBDEC2603AE9E0071DE9C /* AllygatorShuttleTests */ = {
			isa = PBXGroup;
			children = (
				B33F775126067ED200B81A39 /* HomeTest.swift */,
				B342693F260A5141002168AB /* ExtensionTest */,
				B35CBDEF2603AE9E0071DE9C /* Info.plist */,
			);
			path = AllygatorShuttleTests;
			sourceTree = "<group>";
		};
		B35CBDF72603AE9E0071DE9C /* AllygatorShuttleUITests */ = {
			isa = PBXGroup;
			children = (
				B35CBDFA2603AE9E0071DE9C /* Info.plist */,
				B33F7792260748CC00B81A39 /* XCUIApplication+Extension.swift */,
				B33F779A260748F300B81A39 /* SplashUITest.swift */,
				B33F779F2607725E00B81A39 /* HomeUITest.swift */,
			);
			path = AllygatorShuttleUITests;
			sourceTree = "<group>";
		};
		B35CBE1A2603AF7F0071DE9C /* Scenes */ = {
			isa = PBXGroup;
			children = (
				B33F765D2604981800B81A39 /* Home */,
				B35CBE6C2603B06B0071DE9C /* Splash */,
				B35CBE6B2603B0650071DE9C /* Base */,
			);
			path = Scenes;
			sourceTree = "<group>";
		};
		B35CBE1B2603AF870071DE9C /* AppDelegate */ = {
			isa = PBXGroup;
			children = (
				B35CBDD62603AE9C0071DE9C /* AppDelegate.swift */,
			);
			path = AppDelegate;
			sourceTree = "<group>";
		};
		B35CBE1C2603AFAA0071DE9C /* Resources */ = {
			isa = PBXGroup;
			children = (
				B35CBDE12603AE9E0071DE9C /* LaunchScreen.storyboard */,
				B33F77042605ECA600B81A39 /* LottieFile */,
				B35CBF8F2603E7390071DE9C /* Fonts */,
				B35CBF602603E3C20071DE9C /* Assets */,
			);
			path = Resources;
			sourceTree = "<group>";
		};
		B35CBE5A2603AFE70071DE9C /* Configuration */ = {
			isa = PBXGroup;
			children = (
				B35CBDE42603AE9E0071DE9C /* Info.plist */,
			);
			path = Configuration;
			sourceTree = "<group>";
		};
		B35CBE6B2603B0650071DE9C /* Base */ = {
			isa = PBXGroup;
			children = (
				B35CBE8D2603B1200071DE9C /* BaseViewController.swift */,
				B35CBE972603B15D0071DE9C /* BaseViewModel.swift */,
			);
			path = Base;
			sourceTree = "<group>";
		};
		B35CBE6C2603B06B0071DE9C /* Splash */ = {
			isa = PBXGroup;
			children = (
				B35CBE6E2603B09B0071DE9C /* SplashRouter.swift */,
				B35CBE6F2603B09B0071DE9C /* SplashViewController.swift */,
				B35CBE702603B09B0071DE9C /* SplashViewModel.swift */,
				B35CBE7A2603B0A90071DE9C /* SplashRoute.swift */,
			);
			path = Splash;
			sourceTree = "<group>";
		};
		B35CBE6D2603B07A0071DE9C /* Constants */ = {
			isa = PBXGroup;
			children = (
				B35CBE9C2603B1740071DE9C /* Closures.swift */,
				B33B5B6F26093A52004C45DB /* Constants.swift */,
			);
			path = Constants;
			sourceTree = "<group>";
		};
		B35CBEA12603B1A10071DE9C /* Router */ = {
			isa = PBXGroup;
			children = (
				B35CBEB82603B1F20071DE9C /* Transitions */,
				B35CBEAA2603B1B80071DE9C /* Core */,
				B35CBEA22603B1AE0071DE9C /* AppRouter.swift */,
			);
			path = Router;
			sourceTree = "<group>";
		};
		B35CBEAA2603B1B80071DE9C /* Core */ = {
			isa = PBXGroup;
			children = (
				B35CBEAB2603B1C70071DE9C /* Router.swift */,
				B35CBEB32603B1E30071DE9C /* Animator.swift */,
			);
			path = Core;
			sourceTree = "<group>";
		};
		B35CBEB82603B1F20071DE9C /* Transitions */ = {
			isa = PBXGroup;
			children = (
				B35CBEB92603B2000071DE9C /* Transition.swift */,
				B35CBEC12603B2160071DE9C /* PushTransition.swift */,
				B35CBEC62603B2270071DE9C /* PlaceOnWindowTransition.swift */,
				B33F76D326054DCB00B81A39 /* ModalTransition.swift */,
			);
			path = Transitions;
			sourceTree = "<group>";
		};
		B35CBEEF2603C8970071DE9C /* WebSocket */ = {
			isa = PBXGroup;
			children = (
				B35CBEF02603C8C20071DE9C /* SocketManager.swift */,
			);
			path = WebSocket;
			sourceTree = "<group>";
		};
		B35CBEF82603CA280071DE9C /* Entity */ = {
			isa = PBXGroup;
			children = (
				B35CBEFA2603CA390071DE9C /* Enum */,
				B35CBEF92603CA340071DE9C /* Model */,
			);
			path = Entity;
			sourceTree = "<group>";
		};
		B35CBEF92603CA340071DE9C /* Model */ = {
			isa = PBXGroup;
			children = (
				B35CBF1B2603CE8F0071DE9C /* Address.swift */,
				B35CBF242603CEF90071DE9C /* BookingOpenedData.swift */,
				B35CBF462603D2300071DE9C /* Socket.swift */,
			);
			path = Model;
			sourceTree = "<group>";
		};
		B35CBEFA2603CA390071DE9C /* Enum */ = {
			isa = PBXGroup;
			children = (
				B35CBF0D2603CD5A0071DE9C /* Event.swift */,
				B35CBF152603CDFF0071DE9C /* Status.swift */,
				B35CBF412603D1120071DE9C /* SocketData.swift */,
				B33F76862604F36D00B81A39 /* AnnotationType.swift */,
			);
			path = Enum;
			sourceTree = "<group>";
		};
		B35CBF602603E3C20071DE9C /* Assets */ = {
			isa = PBXGroup;
			children = (
				B307E2B32603F4720099B90A /* Assets.swift */,
				B307E2B42603F4720099B90A /* UIColor+Colors.swift */,
				B307E2B22603F4720099B90A /* UIImage+Images.swift */,
				B33B5BA026094984004C45DB /* Assets.xcassets */,
				B35CBF902603E74C0071DE9C /* Colors.xcassets */,
				B307E2982603F1F20099B90A /* Images.xcassets */,
			);
			path = Assets;
			sourceTree = "<group>";
		};
		B35CBF8F2603E7390071DE9C /* Fonts */ = {
			isa = PBXGroup;
			children = (
				B33F76DD2605E5C100B81A39 /* MavenPro-Medium.ttf */,
				B307E2A52603F4280099B90A /* Fonts.swift */,
				B35CBF952603E7750071DE9C /* UIFont+Extensions.swift */,
			);
			path = Fonts;
			sourceTree = "<group>";
		};
/* End PBXGroup section */

/* Begin PBXNativeTarget section */
		B35CBDD22603AE9C0071DE9C /* AllygatorShuttle */ = {
			isa = PBXNativeTarget;
			buildConfigurationList = B35CBDFD2603AE9E0071DE9C /* Build configuration list for PBXNativeTarget "AllygatorShuttle" */;
			buildPhases = (
				1DBF895DA7E740FADC8813EC /* [CP] Check Pods Manifest.lock */,
				B35CBF572603E28D0071DE9C /* SwiftGen */,
				B35CBF732603E5AB0071DE9C /* SwiftLint */,
				B35CBDCF2603AE9C0071DE9C /* Sources */,
				B35CBDD02603AE9C0071DE9C /* Frameworks */,
				B35CBDD12603AE9C0071DE9C /* Resources */,
				0E79A4B038065B6AD32ACF62 /* [CP] Embed Pods Frameworks */,
			);
			buildRules = (
			);
			dependencies = (
			);
			name = AllygatorShuttle;
			productName = AllygatorShuttle;
			productReference = B35CBDD32603AE9C0071DE9C /* AllygatorShuttle.app */;
			productType = "com.apple.product-type.application";
		};
		B35CBDE82603AE9E0071DE9C /* AllygatorShuttleTests */ = {
			isa = PBXNativeTarget;
			buildConfigurationList = B35CBE002603AE9E0071DE9C /* Build configuration list for PBXNativeTarget "AllygatorShuttleTests" */;
			buildPhases = (
				468206577D5CAE53EE84A229 /* [CP] Check Pods Manifest.lock */,
				B35CBDE52603AE9E0071DE9C /* Sources */,
				B35CBDE62603AE9E0071DE9C /* Frameworks */,
				B35CBDE72603AE9E0071DE9C /* Resources */,
			);
			buildRules = (
			);
			dependencies = (
				B35CBDEB2603AE9E0071DE9C /* PBXTargetDependency */,
			);
			name = AllygatorShuttleTests;
			productName = AllygatorShuttleTests;
			productReference = B35CBDE92603AE9E0071DE9C /* AllygatorShuttleTests.xctest */;
			productType = "com.apple.product-type.bundle.unit-test";
		};
		B35CBDF32603AE9E0071DE9C /* AllygatorShuttleUITests */ = {
			isa = PBXNativeTarget;
			buildConfigurationList = B35CBE032603AE9E0071DE9C /* Build configuration list for PBXNativeTarget "AllygatorShuttleUITests" */;
			buildPhases = (
				F6557C9CB1A49172A7ABE650 /* [CP] Check Pods Manifest.lock */,
				B35CBDF02603AE9E0071DE9C /* Sources */,
				B35CBDF12603AE9E0071DE9C /* Frameworks */,
				B35CBDF22603AE9E0071DE9C /* Resources */,
				BB4993496B1AC51D026608B8 /* [CP] Embed Pods Frameworks */,
			);
			buildRules = (
			);
			dependencies = (
				B35CBDF62603AE9E0071DE9C /* PBXTargetDependency */,
			);
			name = AllygatorShuttleUITests;
			productName = AllygatorShuttleUITests;
			productReference = B35CBDF42603AE9E0071DE9C /* AllygatorShuttleUITests.xctest */;
			productType = "com.apple.product-type.bundle.ui-testing";
		};
/* End PBXNativeTarget section */

/* Begin PBXProject section */
		B35CBDCB2603AE9C0071DE9C /* Project object */ = {
			isa = PBXProject;
			attributes = {
				LastSwiftUpdateCheck = 1220;
				LastUpgradeCheck = 1220;
				TargetAttributes = {
					B35CBDD22603AE9C0071DE9C = {
						CreatedOnToolsVersion = 12.2;
					};
					B35CBDE82603AE9E0071DE9C = {
						CreatedOnToolsVersion = 12.2;
						TestTargetID = B35CBDD22603AE9C0071DE9C;
					};
					B35CBDF32603AE9E0071DE9C = {
						CreatedOnToolsVersion = 12.2;
						TestTargetID = B35CBDD22603AE9C0071DE9C;
					};
				};
			};
			buildConfigurationList = B35CBDCE2603AE9C0071DE9C /* Build configuration list for PBXProject "AllygatorShuttle" */;
			compatibilityVersion = "Xcode 9.3";
			developmentRegion = en;
			hasScannedForEncodings = 0;
			knownRegions = (
				en,
				Base,
			);
			mainGroup = B35CBDCA2603AE9C0071DE9C;
			productRefGroup = B35CBDD42603AE9C0071DE9C /* Products */;
			projectDirPath = "";
			projectRoot = "";
			targets = (
				B35CBDD22603AE9C0071DE9C /* AllygatorShuttle */,
				B35CBDE82603AE9E0071DE9C /* AllygatorShuttleTests */,
				B35CBDF32603AE9E0071DE9C /* AllygatorShuttleUITests */,
			);
		};
/* End PBXProject section */

/* Begin PBXResourcesBuildPhase section */
		B35CBDD12603AE9C0071DE9C /* Resources */ = {
			isa = PBXResourcesBuildPhase;
			buildActionMask = 2147483647;
			files = (
				B35CBF912603E74C0071DE9C /* Colors.xcassets in Resources */,
				B307E28E2603F1930099B90A /* swiftgen.yml in Resources */,
				B33F770E2605ED9B00B81A39 /* Loading.json in Resources */,
				B33F76DE2605E5C100B81A39 /* MavenPro-Medium.ttf in Resources */,
				B307E2992603F1F20099B90A /* Images.xcassets in Resources */,
				B35CBF622603E4CA0071DE9C /* .swiftlint.yml in Resources */,
				B33B5BA126094984004C45DB /* Assets.xcassets in Resources */,
				B35CBDE32603AE9E0071DE9C /* LaunchScreen.storyboard in Resources */,
			);
			runOnlyForDeploymentPostprocessing = 0;
		};
		B35CBDE72603AE9E0071DE9C /* Resources */ = {
			isa = PBXResourcesBuildPhase;
			buildActionMask = 2147483647;
			files = (
			);
			runOnlyForDeploymentPostprocessing = 0;
		};
		B35CBDF22603AE9E0071DE9C /* Resources */ = {
			isa = PBXResourcesBuildPhase;
			buildActionMask = 2147483647;
			files = (
			);
			runOnlyForDeploymentPostprocessing = 0;
		};
/* End PBXResourcesBuildPhase section */

/* Begin PBXShellScriptBuildPhase section */
		0E79A4B038065B6AD32ACF62 /* [CP] Embed Pods Frameworks */ = {
			isa = PBXShellScriptBuildPhase;
			buildActionMask = 2147483647;
			files = (
			);
			inputFileListPaths = (
				"${PODS_ROOT}/Target Support Files/Pods-AllygatorShuttle/Pods-AllygatorShuttle-frameworks-${CONFIGURATION}-input-files.xcfilelist",
			);
			name = "[CP] Embed Pods Frameworks";
			outputFileListPaths = (
				"${PODS_ROOT}/Target Support Files/Pods-AllygatorShuttle/Pods-AllygatorShuttle-frameworks-${CONFIGURATION}-output-files.xcfilelist",
			);
			runOnlyForDeploymentPostprocessing = 0;
			shellPath = /bin/sh;
			shellScript = "\"${PODS_ROOT}/Target Support Files/Pods-AllygatorShuttle/Pods-AllygatorShuttle-frameworks.sh\"\n";
			showEnvVarsInLog = 0;
		};
		1DBF895DA7E740FADC8813EC /* [CP] Check Pods Manifest.lock */ = {
			isa = PBXShellScriptBuildPhase;
			buildActionMask = 2147483647;
			files = (
			);
			inputFileListPaths = (
			);
			inputPaths = (
				"${PODS_PODFILE_DIR_PATH}/Podfile.lock",
				"${PODS_ROOT}/Manifest.lock",
			);
			name = "[CP] Check Pods Manifest.lock";
			outputFileListPaths = (
			);
			outputPaths = (
				"$(DERIVED_FILE_DIR)/Pods-AllygatorShuttle-checkManifestLockResult.txt",
			);
			runOnlyForDeploymentPostprocessing = 0;
			shellPath = /bin/sh;
			shellScript = "diff \"${PODS_PODFILE_DIR_PATH}/Podfile.lock\" \"${PODS_ROOT}/Manifest.lock\" > /dev/null\nif [ $? != 0 ] ; then\n    # print error to STDERR\n    echo \"error: The sandbox is not in sync with the Podfile.lock. Run 'pod install' or update your CocoaPods installation.\" >&2\n    exit 1\nfi\n# This output is used by Xcode 'outputs' to avoid re-running this script phase.\necho \"SUCCESS\" > \"${SCRIPT_OUTPUT_FILE_0}\"\n";
			showEnvVarsInLog = 0;
		};
		468206577D5CAE53EE84A229 /* [CP] Check Pods Manifest.lock */ = {
			isa = PBXShellScriptBuildPhase;
			buildActionMask = 2147483647;
			files = (
			);
			inputFileListPaths = (
			);
			inputPaths = (
				"${PODS_PODFILE_DIR_PATH}/Podfile.lock",
				"${PODS_ROOT}/Manifest.lock",
			);
			name = "[CP] Check Pods Manifest.lock";
			outputFileListPaths = (
			);
			outputPaths = (
				"$(DERIVED_FILE_DIR)/Pods-AllygatorShuttleTests-checkManifestLockResult.txt",
			);
			runOnlyForDeploymentPostprocessing = 0;
			shellPath = /bin/sh;
			shellScript = "diff \"${PODS_PODFILE_DIR_PATH}/Podfile.lock\" \"${PODS_ROOT}/Manifest.lock\" > /dev/null\nif [ $? != 0 ] ; then\n    # print error to STDERR\n    echo \"error: The sandbox is not in sync with the Podfile.lock. Run 'pod install' or update your CocoaPods installation.\" >&2\n    exit 1\nfi\n# This output is used by Xcode 'outputs' to avoid re-running this script phase.\necho \"SUCCESS\" > \"${SCRIPT_OUTPUT_FILE_0}\"\n";
			showEnvVarsInLog = 0;
		};
		B35CBF572603E28D0071DE9C /* SwiftGen */ = {
			isa = PBXShellScriptBuildPhase;
			buildActionMask = 2147483647;
			files = (
			);
			inputFileListPaths = (
			);
			inputPaths = (
			);
			name = SwiftGen;
			outputFileListPaths = (
			);
			outputPaths = (
			);
			runOnlyForDeploymentPostprocessing = 0;
			shellPath = /bin/sh;
			shellScript = "if [[ -f \"${PODS_ROOT}/SwiftGen/bin/swiftgen\" ]]; then\n  \"${PODS_ROOT}/SwiftGen/bin/swiftgen\"\nelse\n  echo \"warning: SwiftGen is not installed. Run 'pod install --repo-update' to install it.\"\nfi\n";
		};
		B35CBF732603E5AB0071DE9C /* SwiftLint */ = {
			isa = PBXShellScriptBuildPhase;
			buildActionMask = 2147483647;
			files = (
			);
			inputFileListPaths = (
			);
			inputPaths = (
			);
			name = SwiftLint;
			outputFileListPaths = (
			);
			outputPaths = (
			);
			runOnlyForDeploymentPostprocessing = 0;
			shellPath = /bin/sh;
			shellScript = "\"${PODS_ROOT}/SwiftLint/swiftlint\"\n";
		};
		BB4993496B1AC51D026608B8 /* [CP] Embed Pods Frameworks */ = {
			isa = PBXShellScriptBuildPhase;
			buildActionMask = 2147483647;
			files = (
			);
			inputFileListPaths = (
				"${PODS_ROOT}/Target Support Files/Pods-AllygatorShuttle-AllygatorShuttleUITests/Pods-AllygatorShuttle-AllygatorShuttleUITests-frameworks-${CONFIGURATION}-input-files.xcfilelist",
			);
			name = "[CP] Embed Pods Frameworks";
			outputFileListPaths = (
				"${PODS_ROOT}/Target Support Files/Pods-AllygatorShuttle-AllygatorShuttleUITests/Pods-AllygatorShuttle-AllygatorShuttleUITests-frameworks-${CONFIGURATION}-output-files.xcfilelist",
			);
			runOnlyForDeploymentPostprocessing = 0;
			shellPath = /bin/sh;
			shellScript = "\"${PODS_ROOT}/Target Support Files/Pods-AllygatorShuttle-AllygatorShuttleUITests/Pods-AllygatorShuttle-AllygatorShuttleUITests-frameworks.sh\"\n";
			showEnvVarsInLog = 0;
		};
		F6557C9CB1A49172A7ABE650 /* [CP] Check Pods Manifest.lock */ = {
			isa = PBXShellScriptBuildPhase;
			buildActionMask = 2147483647;
			files = (
			);
			inputFileListPaths = (
			);
			inputPaths = (
				"${PODS_PODFILE_DIR_PATH}/Podfile.lock",
				"${PODS_ROOT}/Manifest.lock",
			);
			name = "[CP] Check Pods Manifest.lock";
			outputFileListPaths = (
			);
			outputPaths = (
				"$(DERIVED_FILE_DIR)/Pods-AllygatorShuttle-AllygatorShuttleUITests-checkManifestLockResult.txt",
			);
			runOnlyForDeploymentPostprocessing = 0;
			shellPath = /bin/sh;
			shellScript = "diff \"${PODS_PODFILE_DIR_PATH}/Podfile.lock\" \"${PODS_ROOT}/Manifest.lock\" > /dev/null\nif [ $? != 0 ] ; then\n    # print error to STDERR\n    echo \"error: The sandbox is not in sync with the Podfile.lock. Run 'pod install' or update your CocoaPods installation.\" >&2\n    exit 1\nfi\n# This output is used by Xcode 'outputs' to avoid re-running this script phase.\necho \"SUCCESS\" > \"${SCRIPT_OUTPUT_FILE_0}\"\n";
			showEnvVarsInLog = 0;
		};
/* End PBXShellScriptBuildPhase section */

/* Begin PBXSourcesBuildPhase section */
		B35CBDCF2603AE9C0071DE9C /* Sources */ = {
			isa = PBXSourcesBuildPhase;
			buildActionMask = 2147483647;
			files = (
				B35CBEBA2603B2000071DE9C /* Transition.swift in Sources */,
				B33F76632604982B00B81A39 /* HomeViewModel.swift in Sources */,
				B307E2B52603F4720099B90A /* UIImage+Images.swift in Sources */,
				B33F76F22605EB4E00B81A39 /* LoadingHelper.swift in Sources */,
				B35CBE982603B15D0071DE9C /* BaseViewModel.swift in Sources */,
				B35CBE712603B09B0071DE9C /* SplashRouter.swift in Sources */,
				B34898582607E04B0014B4E3 /* BaseAnnotationView.swift in Sources */,
				B35CBDD72603AE9C0071DE9C /* AppDelegate.swift in Sources */,
				B33F76B526054A4D00B81A39 /* BaseAnnotation.swift in Sources */,
				B35CBE732603B09B0071DE9C /* SplashViewModel.swift in Sources */,
				B307E2B72603F4720099B90A /* UIColor+Colors.swift in Sources */,
				B35CBEC72603B2270071DE9C /* PlaceOnWindowTransition.swift in Sources */,
				B33F76CA26054AD600B81A39 /* PopupViewRoute.swift in Sources */,
				B35CBE7B2603B0A90071DE9C /* SplashRoute.swift in Sources */,
				B35CBF252603CEF90071DE9C /* BookingOpenedData.swift in Sources */,
				B33F76612604982B00B81A39 /* HomeRouter.swift in Sources */,
				B307E2B62603F4720099B90A /* Assets.swift in Sources */,
				B35CBE8E2603B1200071DE9C /* BaseViewController.swift in Sources */,
				B33F76D426054DCB00B81A39 /* ModalTransition.swift in Sources */,
				B35CBEA32603B1AE0071DE9C /* AppRouter.swift in Sources */,
				B35CBEC22603B2160071DE9C /* PushTransition.swift in Sources */,
				B33F766B2604983A00B81A39 /* HomeRoute.swift in Sources */,
				B33F76CF26054C6000B81A39 /* UIStackView+Extension.swift in Sources */,
				B33B5B7026093A52004C45DB /* Constants.swift in Sources */,
				B35CBE722603B09B0071DE9C /* SplashViewController.swift in Sources */,
				B33F76C226054AC600B81A39 /* PopupViewModel.swift in Sources */,
				B33F767E2604EEF700B81A39 /* UIImage+Extension.swift in Sources */,
				B33F76D92605540F00B81A39 /* UIApplication+Extension.swift in Sources */,
				B33B5B5126090773004C45DB /* DetailView.swift in Sources */,
				B35CBF422603D1120071DE9C /* SocketData.swift in Sources */,
				B35CBF162603CDFF0071DE9C /* Status.swift in Sources */,
				B33F76C126054AC600B81A39 /* PopupViewController.swift in Sources */,
				B35CBF1C2603CE8F0071DE9C /* Address.swift in Sources */,
				B35CBE9D2603B1740071DE9C /* Closures.swift in Sources */,
				B35CBEB42603B1E30071DE9C /* Animator.swift in Sources */,
				B35CBF472603D2300071DE9C /* Socket.swift in Sources */,
				B35CBEF12603C8C20071DE9C /* SocketManager.swift in Sources */,
				B33F76C026054AC600B81A39 /* PopupViewRouter.swift in Sources */,
				B33F76A026051F7200B81A39 /* UIView+Extension.swift in Sources */,
				B33F76622604982B00B81A39 /* HomeViewController.swift in Sources */,
				B34898532607DB8C0014B4E3 /* Double+Extension.swift in Sources */,
				B35CBF962603E7750071DE9C /* UIFont+Extensions.swift in Sources */,
				B35CBEAC2603B1C70071DE9C /* Router.swift in Sources */,
				B307E2A62603F4280099B90A /* Fonts.swift in Sources */,
				B33F76872604F36D00B81A39 /* AnnotationType.swift in Sources */,
				B35CBF0E2603CD5A0071DE9C /* Event.swift in Sources */,
				B33F76A826053E8100B81A39 /* MKMapView+Extension.swift in Sources */,
			);
			runOnlyForDeploymentPostprocessing = 0;
		};
		B35CBDE52603AE9E0071DE9C /* Sources */ = {
			isa = PBXSourcesBuildPhase;
			buildActionMask = 2147483647;
			files = (
				B33F775226067ED200B81A39 /* HomeTest.swift in Sources */,
				B33F775A2606A0BB00B81A39 /* UIStackViewExtensionTest.swift in Sources */,
				B33F777E2606A4D900B81A39 /* UIViewExtensionTest.swift in Sources */,
				B33F77762606A41500B81A39 /* MKMapViewExtensionTest.swift in Sources */,
			);
			runOnlyForDeploymentPostprocessing = 0;
		};
		B35CBDF02603AE9E0071DE9C /* Sources */ = {
			isa = PBXSourcesBuildPhase;
			buildActionMask = 2147483647;
			files = (
				B33F7793260748CC00B81A39 /* XCUIApplication+Extension.swift in Sources */,
				B33F77A02607725E00B81A39 /* HomeUITest.swift in Sources */,
				B33F779B260748F300B81A39 /* SplashUITest.swift in Sources */,
			);
			runOnlyForDeploymentPostprocessing = 0;
		};
/* End PBXSourcesBuildPhase section */

/* Begin PBXTargetDependency section */
		B35CBDEB2603AE9E0071DE9C /* PBXTargetDependency */ = {
			isa = PBXTargetDependency;
			target = B35CBDD22603AE9C0071DE9C /* AllygatorShuttle */;
			targetProxy = B35CBDEA2603AE9E0071DE9C /* PBXContainerItemProxy */;
		};
		B35CBDF62603AE9E0071DE9C /* PBXTargetDependency */ = {
			isa = PBXTargetDependency;
			target = B35CBDD22603AE9C0071DE9C /* AllygatorShuttle */;
			targetProxy = B35CBDF52603AE9E0071DE9C /* PBXContainerItemProxy */;
		};
/* End PBXTargetDependency section */

/* Begin PBXVariantGroup section */
		B35CBDE12603AE9E0071DE9C /* LaunchScreen.storyboard */ = {
			isa = PBXVariantGroup;
			children = (
				B35CBDE22603AE9E0071DE9C /* Base */,
			);
			name = LaunchScreen.storyboard;
			sourceTree = "<group>";
		};
/* End PBXVariantGroup section */

/* Begin XCBuildConfiguration section */
		B35CBDFB2603AE9E0071DE9C /* Debug */ = {
			isa = XCBuildConfiguration;
			buildSettings = {
				ALWAYS_SEARCH_USER_PATHS = NO;
				CLANG_ANALYZER_NONNULL = YES;
				CLANG_ANALYZER_NUMBER_OBJECT_CONVERSION = YES_AGGRESSIVE;
				CLANG_CXX_LANGUAGE_STANDARD = "gnu++14";
				CLANG_CXX_LIBRARY = "libc++";
				CLANG_ENABLE_MODULES = YES;
				CLANG_ENABLE_OBJC_ARC = YES;
				CLANG_ENABLE_OBJC_WEAK = YES;
				CLANG_WARN_BLOCK_CAPTURE_AUTORELEASING = YES;
				CLANG_WARN_BOOL_CONVERSION = YES;
				CLANG_WARN_COMMA = YES;
				CLANG_WARN_CONSTANT_CONVERSION = YES;
				CLANG_WARN_DEPRECATED_OBJC_IMPLEMENTATIONS = YES;
				CLANG_WARN_DIRECT_OBJC_ISA_USAGE = YES_ERROR;
				CLANG_WARN_DOCUMENTATION_COMMENTS = YES;
				CLANG_WARN_EMPTY_BODY = YES;
				CLANG_WARN_ENUM_CONVERSION = YES;
				CLANG_WARN_INFINITE_RECURSION = YES;
				CLANG_WARN_INT_CONVERSION = YES;
				CLANG_WARN_NON_LITERAL_NULL_CONVERSION = YES;
				CLANG_WARN_OBJC_IMPLICIT_RETAIN_SELF = YES;
				CLANG_WARN_OBJC_LITERAL_CONVERSION = YES;
				CLANG_WARN_OBJC_ROOT_CLASS = YES_ERROR;
				CLANG_WARN_QUOTED_INCLUDE_IN_FRAMEWORK_HEADER = YES;
				CLANG_WARN_RANGE_LOOP_ANALYSIS = YES;
				CLANG_WARN_STRICT_PROTOTYPES = YES;
				CLANG_WARN_SUSPICIOUS_MOVE = YES;
				CLANG_WARN_UNGUARDED_AVAILABILITY = YES_AGGRESSIVE;
				CLANG_WARN_UNREACHABLE_CODE = YES;
				CLANG_WARN__DUPLICATE_METHOD_MATCH = YES;
				COPY_PHASE_STRIP = NO;
				DEBUG_INFORMATION_FORMAT = dwarf;
				ENABLE_STRICT_OBJC_MSGSEND = YES;
				ENABLE_TESTABILITY = YES;
				GCC_C_LANGUAGE_STANDARD = gnu11;
				GCC_DYNAMIC_NO_PIC = NO;
				GCC_NO_COMMON_BLOCKS = YES;
				GCC_OPTIMIZATION_LEVEL = 0;
				GCC_PREPROCESSOR_DEFINITIONS = (
					"DEBUG=1",
					"$(inherited)",
				);
				GCC_WARN_64_TO_32_BIT_CONVERSION = YES;
				GCC_WARN_ABOUT_RETURN_TYPE = YES_ERROR;
				GCC_WARN_UNDECLARED_SELECTOR = YES;
				GCC_WARN_UNINITIALIZED_AUTOS = YES_AGGRESSIVE;
				GCC_WARN_UNUSED_FUNCTION = YES;
				GCC_WARN_UNUSED_VARIABLE = YES;
				IPHONEOS_DEPLOYMENT_TARGET = 12.0;
				MTL_ENABLE_DEBUG_INFO = INCLUDE_SOURCE;
				MTL_FAST_MATH = YES;
				ONLY_ACTIVE_ARCH = YES;
				SDKROOT = iphoneos;
				SWIFT_ACTIVE_COMPILATION_CONDITIONS = DEBUG;
				SWIFT_OPTIMIZATION_LEVEL = "-Onone";
			};
			name = Debug;
		};
		B35CBDFC2603AE9E0071DE9C /* Release */ = {
			isa = XCBuildConfiguration;
			buildSettings = {
				ALWAYS_SEARCH_USER_PATHS = NO;
				CLANG_ANALYZER_NONNULL = YES;
				CLANG_ANALYZER_NUMBER_OBJECT_CONVERSION = YES_AGGRESSIVE;
				CLANG_CXX_LANGUAGE_STANDARD = "gnu++14";
				CLANG_CXX_LIBRARY = "libc++";
				CLANG_ENABLE_MODULES = YES;
				CLANG_ENABLE_OBJC_ARC = YES;
				CLANG_ENABLE_OBJC_WEAK = YES;
				CLANG_WARN_BLOCK_CAPTURE_AUTORELEASING = YES;
				CLANG_WARN_BOOL_CONVERSION = YES;
				CLANG_WARN_COMMA = YES;
				CLANG_WARN_CONSTANT_CONVERSION = YES;
				CLANG_WARN_DEPRECATED_OBJC_IMPLEMENTATIONS = YES;
				CLANG_WARN_DIRECT_OBJC_ISA_USAGE = YES_ERROR;
				CLANG_WARN_DOCUMENTATION_COMMENTS = YES;
				CLANG_WARN_EMPTY_BODY = YES;
				CLANG_WARN_ENUM_CONVERSION = YES;
				CLANG_WARN_INFINITE_RECURSION = YES;
				CLANG_WARN_INT_CONVERSION = YES;
				CLANG_WARN_NON_LITERAL_NULL_CONVERSION = YES;
				CLANG_WARN_OBJC_IMPLICIT_RETAIN_SELF = YES;
				CLANG_WARN_OBJC_LITERAL_CONVERSION = YES;
				CLANG_WARN_OBJC_ROOT_CLASS = YES_ERROR;
				CLANG_WARN_QUOTED_INCLUDE_IN_FRAMEWORK_HEADER = YES;
				CLANG_WARN_RANGE_LOOP_ANALYSIS = YES;
				CLANG_WARN_STRICT_PROTOTYPES = YES;
				CLANG_WARN_SUSPICIOUS_MOVE = YES;
				CLANG_WARN_UNGUARDED_AVAILABILITY = YES_AGGRESSIVE;
				CLANG_WARN_UNREACHABLE_CODE = YES;
				CLANG_WARN__DUPLICATE_METHOD_MATCH = YES;
				COPY_PHASE_STRIP = NO;
				DEBUG_INFORMATION_FORMAT = "dwarf-with-dsym";
				ENABLE_NS_ASSERTIONS = NO;
				ENABLE_STRICT_OBJC_MSGSEND = YES;
				GCC_C_LANGUAGE_STANDARD = gnu11;
				GCC_NO_COMMON_BLOCKS = YES;
				GCC_WARN_64_TO_32_BIT_CONVERSION = YES;
				GCC_WARN_ABOUT_RETURN_TYPE = YES_ERROR;
				GCC_WARN_UNDECLARED_SELECTOR = YES;
				GCC_WARN_UNINITIALIZED_AUTOS = YES_AGGRESSIVE;
				GCC_WARN_UNUSED_FUNCTION = YES;
				GCC_WARN_UNUSED_VARIABLE = YES;
				IPHONEOS_DEPLOYMENT_TARGET = 12.0;
				MTL_ENABLE_DEBUG_INFO = NO;
				MTL_FAST_MATH = YES;
				SDKROOT = iphoneos;
				SWIFT_COMPILATION_MODE = wholemodule;
				SWIFT_OPTIMIZATION_LEVEL = "-O";
				VALIDATE_PRODUCT = YES;
			};
			name = Release;
		};
		B35CBDFE2603AE9E0071DE9C /* Debug */ = {
			isa = XCBuildConfiguration;
			baseConfigurationReference = 10FF084E266E70E4BA117487 /* Pods-AllygatorShuttle.debug.xcconfig */;
			buildSettings = {
				ASSETCATALOG_COMPILER_APPICON_NAME = AppIcon;
				ASSETCATALOG_COMPILER_GLOBAL_ACCENT_COLOR_NAME = "";
				CODE_SIGN_STYLE = Automatic;
				DEVELOPMENT_TEAM = 3MNXT4L4F4;
				INFOPLIST_FILE = AllygatorShuttle/App/Configuration/Info.plist;
				LD_RUNPATH_SEARCH_PATHS = (
					"$(inherited)",
					"@executable_path/Frameworks",
				);
				PRODUCT_BUNDLE_IDENTIFIER = com.burakkaya.AllygatorShuttle;
				PRODUCT_NAME = "$(TARGET_NAME)";
				SWIFT_VERSION = 5.0;
				TARGETED_DEVICE_FAMILY = 1;
			};
			name = Debug;
		};
		B35CBDFF2603AE9E0071DE9C /* Release */ = {
			isa = XCBuildConfiguration;
			baseConfigurationReference = B45CD34935E0EC602D6FB42C /* Pods-AllygatorShuttle.release.xcconfig */;
			buildSettings = {
				ASSETCATALOG_COMPILER_APPICON_NAME = AppIcon;
				ASSETCATALOG_COMPILER_GLOBAL_ACCENT_COLOR_NAME = "";
				CODE_SIGN_STYLE = Automatic;
				DEVELOPMENT_TEAM = 3MNXT4L4F4;
				INFOPLIST_FILE = AllygatorShuttle/App/Configuration/Info.plist;
				LD_RUNPATH_SEARCH_PATHS = (
					"$(inherited)",
					"@executable_path/Frameworks",
				);
				PRODUCT_BUNDLE_IDENTIFIER = com.burakkaya.AllygatorShuttle;
				PRODUCT_NAME = "$(TARGET_NAME)";
				SWIFT_VERSION = 5.0;
				TARGETED_DEVICE_FAMILY = 1;
			};
			name = Release;
		};
		B35CBE012603AE9E0071DE9C /* Debug */ = {
			isa = XCBuildConfiguration;
			baseConfigurationReference = 7C43F954FFBB4DEFBE79B895 /* Pods-AllygatorShuttleTests.debug.xcconfig */;
			buildSettings = {
				ALWAYS_EMBED_SWIFT_STANDARD_LIBRARIES = YES;
				BUNDLE_LOADER = "$(TEST_HOST)";
				CODE_SIGN_STYLE = Automatic;
				DEVELOPMENT_TEAM = 3MNXT4L4F4;
				INFOPLIST_FILE = AllygatorShuttleTests/Info.plist;
				IPHONEOS_DEPLOYMENT_TARGET = 14.2;
				LD_RUNPATH_SEARCH_PATHS = (
					"$(inherited)",
					"@executable_path/Frameworks",
					"@loader_path/Frameworks",
				);
				PRODUCT_BUNDLE_IDENTIFIER = com.burakkaya.AllygatorShuttleTests;
				PRODUCT_NAME = "$(TARGET_NAME)";
				SWIFT_VERSION = 5.0;
				TARGETED_DEVICE_FAMILY = "1,2";
				TEST_HOST = "$(BUILT_PRODUCTS_DIR)/AllygatorShuttle.app/AllygatorShuttle";
			};
			name = Debug;
		};
		B35CBE022603AE9E0071DE9C /* Release */ = {
			isa = XCBuildConfiguration;
			baseConfigurationReference = 6641C007A4880AB51CEBA927 /* Pods-AllygatorShuttleTests.release.xcconfig */;
			buildSettings = {
				ALWAYS_EMBED_SWIFT_STANDARD_LIBRARIES = YES;
				BUNDLE_LOADER = "$(TEST_HOST)";
				CODE_SIGN_STYLE = Automatic;
				DEVELOPMENT_TEAM = 3MNXT4L4F4;
				INFOPLIST_FILE = AllygatorShuttleTests/Info.plist;
				IPHONEOS_DEPLOYMENT_TARGET = 14.2;
				LD_RUNPATH_SEARCH_PATHS = (
					"$(inherited)",
					"@executable_path/Frameworks",
					"@loader_path/Frameworks",
				);
				PRODUCT_BUNDLE_IDENTIFIER = com.burakkaya.AllygatorShuttleTests;
				PRODUCT_NAME = "$(TARGET_NAME)";
				SWIFT_VERSION = 5.0;
				TARGETED_DEVICE_FAMILY = "1,2";
				TEST_HOST = "$(BUILT_PRODUCTS_DIR)/AllygatorShuttle.app/AllygatorShuttle";
			};
			name = Release;
		};
		B35CBE042603AE9E0071DE9C /* Debug */ = {
			isa = XCBuildConfiguration;
			baseConfigurationReference = D8642934FBFB64E047C4D81C /* Pods-AllygatorShuttle-AllygatorShuttleUITests.debug.xcconfig */;
			buildSettings = {
				ALWAYS_EMBED_SWIFT_STANDARD_LIBRARIES = YES;
				CODE_SIGN_STYLE = Automatic;
				DEVELOPMENT_TEAM = 3MNXT4L4F4;
				INFOPLIST_FILE = AllygatorShuttleUITests/Info.plist;
				LD_RUNPATH_SEARCH_PATHS = (
					"$(inherited)",
					"@executable_path/Frameworks",
					"@loader_path/Frameworks",
				);
				PRODUCT_BUNDLE_IDENTIFIER = com.burakkaya.AllygatorShuttleUITests;
				PRODUCT_NAME = "$(TARGET_NAME)";
				SWIFT_VERSION = 5.0;
				TARGETED_DEVICE_FAMILY = "1,2";
				TEST_TARGET_NAME = AllygatorShuttle;
			};
			name = Debug;
		};
		B35CBE052603AE9E0071DE9C /* Release */ = {
			isa = XCBuildConfiguration;
			baseConfigurationReference = 0ABDA006341118343B19119E /* Pods-AllygatorShuttle-AllygatorShuttleUITests.release.xcconfig */;
			buildSettings = {
				ALWAYS_EMBED_SWIFT_STANDARD_LIBRARIES = YES;
				CODE_SIGN_STYLE = Automatic;
				DEVELOPMENT_TEAM = 3MNXT4L4F4;
				INFOPLIST_FILE = AllygatorShuttleUITests/Info.plist;
				LD_RUNPATH_SEARCH_PATHS = (
					"$(inherited)",
					"@executable_path/Frameworks",
					"@loader_path/Frameworks",
				);
				PRODUCT_BUNDLE_IDENTIFIER = com.burakkaya.AllygatorShuttleUITests;
				PRODUCT_NAME = "$(TARGET_NAME)";
				SWIFT_VERSION = 5.0;
				TARGETED_DEVICE_FAMILY = "1,2";
				TEST_TARGET_NAME = AllygatorShuttle;
			};
			name = Release;
		};
/* End XCBuildConfiguration section */

/* Begin XCConfigurationList section */
		B35CBDCE2603AE9C0071DE9C /* Build configuration list for PBXProject "AllygatorShuttle" */ = {
			isa = XCConfigurationList;
			buildConfigurations = (
				B35CBDFB2603AE9E0071DE9C /* Debug */,
				B35CBDFC2603AE9E0071DE9C /* Release */,
			);
			defaultConfigurationIsVisible = 0;
			defaultConfigurationName = Release;
		};
		B35CBDFD2603AE9E0071DE9C /* Build configuration list for PBXNativeTarget "AllygatorShuttle" */ = {
			isa = XCConfigurationList;
			buildConfigurations = (
				B35CBDFE2603AE9E0071DE9C /* Debug */,
				B35CBDFF2603AE9E0071DE9C /* Release */,
			);
			defaultConfigurationIsVisible = 0;
			defaultConfigurationName = Release;
		};
		B35CBE002603AE9E0071DE9C /* Build configuration list for PBXNativeTarget "AllygatorShuttleTests" */ = {
			isa = XCConfigurationList;
			buildConfigurations = (
				B35CBE012603AE9E0071DE9C /* Debug */,
				B35CBE022603AE9E0071DE9C /* Release */,
			);
			defaultConfigurationIsVisible = 0;
			defaultConfigurationName = Release;
		};
		B35CBE032603AE9E0071DE9C /* Build configuration list for PBXNativeTarget "AllygatorShuttleUITests" */ = {
			isa = XCConfigurationList;
			buildConfigurations = (
				B35CBE042603AE9E0071DE9C /* Debug */,
				B35CBE052603AE9E0071DE9C /* Release */,
			);
			defaultConfigurationIsVisible = 0;
			defaultConfigurationName = Release;
		};
/* End XCConfigurationList section */
	};
	rootObject = B35CBDCB2603AE9C0071DE9C /* Project object */;
}
